
Microsoft Visual Studio Solution File, Format Version 12.00
# Visual Studio Version 16
VisualStudioVersion = 16.0.29613.14
MinimumVisualStudioVersion = 10.0.40219.1
Project("{FAE04EC0-301F-11D3-BF4B-00C04F79EFBC}") = "ImageRefGenerator", "ImageRefGenerator\ImageRefGenerator.csproj", "{0B7491A3-919C-449D-A3DF-F77D2B5434F6}"
EndProject
Global
	GlobalSection(SolutionConfigurationPlatforms) = preSolution
		Debug|Any CPU = Debug|Any CPU
		Release|Any CPU = Release|Any CPU
	EndGlobalSection
	GlobalSection(ProjectConfigurationPlatforms) = postSolution
		{0B7491A3-919C-449D-A3DF-F77D2B5434F6}.Debug|Any CPU.ActiveCfg = Debug|Any CPU
		{0B7491A3-919C-449D-A3DF-F77D2B5434F6}.Debug|Any CPU.Build.0 = Debug|Any CPU
		{0B7491A3-919C-449D-A3DF-F77D2B5434F6}.Release|Any CPU.ActiveCfg = Release|Any CPU
		{0B7491A3-919C-449D-A3DF-F77D2B5434F6}.Release|Any CPU.Build.0 = Release|Any CPU
	EndGlobalSection
	GlobalSection(SolutionProperties) = preSolution
		HideSolutionNode = FALSE
	EndGlobalSection
	GlobalSection(ExtensibilityGlobals) = postSolution
		SolutionGuid = {10FAA835-3E3C-4D28-99DE-82A1A1303F14}
	EndGlobalSection
EndGlobal
